
Microsoft Visual Studio Solution File, Format Version 12.00
# Visual Studio Version 17
VisualStudioVersion = 17.3.32901.215
MinimumVisualStudioVersion = 10.0.40219.1
Project("{FAE04EC0-301F-11D3-BF4B-00C04F79EFBC}") = "Lemondo", "Lemondo\Lemondo.csproj", "{9C08F9CC-46AD-46FD-AE5B-1680F6E588F6}"
EndProject
Project("{FAE04EC0-301F-11D3-BF4B-00C04F79EFBC}") = "LemondoDATA", "LemondoDATA\LemondoDATA.csproj", "{71B1F7D2-DF04-4B47-8622-CA8E3765E220}"
EndProject
Project("{FAE04EC0-301F-11D3-BF4B-00C04F79EFBC}") = "LemondoDOMAIN", "LemondoDOMAIN\LemondoDOMAIN.csproj", "{4E514B66-5480-4739-B6E6-56A1402CA9CA}"
EndProject
Global
	GlobalSection(SolutionConfigurationPlatforms) = preSolution
		Debug|Any CPU = Debug|Any CPU
		Release|Any CPU = Release|Any CPU
	EndGlobalSection
	GlobalSection(ProjectConfigurationPlatforms) = postSolution
		{9C08F9CC-46AD-46FD-AE5B-1680F6E588F6}.Debug|Any CPU.ActiveCfg = Debug|Any CPU
		{9C08F9CC-46AD-46FD-AE5B-1680F6E588F6}.Debug|Any CPU.Build.0 = Debug|Any CPU
		{9C08F9CC-46AD-46FD-AE5B-1680F6E588F6}.Release|Any CPU.ActiveCfg = Release|Any CPU
		{9C08F9CC-46AD-46FD-AE5B-1680F6E588F6}.Release|Any CPU.Build.0 = Release|Any CPU
		{71B1F7D2-DF04-4B47-8622-CA8E3765E220}.Debug|Any CPU.ActiveCfg = Debug|Any CPU
		{71B1F7D2-DF04-4B47-8622-CA8E3765E220}.Debug|Any CPU.Build.0 = Debug|Any CPU
		{71B1F7D2-DF04-4B47-8622-CA8E3765E220}.Release|Any CPU.ActiveCfg = Release|Any CPU
		{71B1F7D2-DF04-4B47-8622-CA8E3765E220}.Release|Any CPU.Build.0 = Release|Any CPU
		{4E514B66-5480-4739-B6E6-56A1402CA9CA}.Debug|Any CPU.ActiveCfg = Debug|Any CPU
		{4E514B66-5480-4739-B6E6-56A1402CA9CA}.Debug|Any CPU.Build.0 = Debug|Any CPU
		{4E514B66-5480-4739-B6E6-56A1402CA9CA}.Release|Any CPU.ActiveCfg = Release|Any CPU
		{4E514B66-5480-4739-B6E6-56A1402CA9CA}.Release|Any CPU.Build.0 = Release|Any CPU
	EndGlobalSection
	GlobalSection(SolutionProperties) = preSolution
		HideSolutionNode = FALSE
	EndGlobalSection
	GlobalSection(ExtensibilityGlobals) = postSolution
		SolutionGuid = {C1EC0543-EAD7-4E7E-B659-60DD811CB602}
	EndGlobalSection
EndGlobal
